
Microsoft Visual Studio Solution File, Format Version 12.00
Project("{FAE04EC0-301F-11D3-BF4B-00C04F79EFBC}") = "MultilingualChat.Server", "MultilingualChat.Server\MultilingualChat.Server.csproj", "{4966418C-B172-4EF5-8B9A-570D39A4CFBA}"
EndProject
Project("{FAE04EC0-301F-11D3-BF4B-00C04F79EFBC}") = "MultilingualChat.Client", "MultilingualChat.Client\MultilingualChat.Client.csproj", "{F90383CA-604D-4A7E-B96C-CAA21EF54937}"
EndProject
Project("{FAE04EC0-301F-11D3-BF4B-00C04F79EFBC}") = "tests", "tests\tests.csproj", "{41F1FC25-E192-4415-A38E-62F60FC768B7}"
EndProject
Global
	GlobalSection(SolutionConfigurationPlatforms) = preSolution
		Debug|Any CPU = Debug|Any CPU
		Release|Any CPU = Release|Any CPU
	EndGlobalSection
	GlobalSection(ProjectConfigurationPlatforms) = postSolution
		{4966418C-B172-4EF5-8B9A-570D39A4CFBA}.Debug|Any CPU.ActiveCfg = Debug|Any CPU
		{4966418C-B172-4EF5-8B9A-570D39A4CFBA}.Debug|Any CPU.Build.0 = Debug|Any CPU
		{4966418C-B172-4EF5-8B9A-570D39A4CFBA}.Release|Any CPU.ActiveCfg = Release|Any CPU
		{4966418C-B172-4EF5-8B9A-570D39A4CFBA}.Release|Any CPU.Build.0 = Release|Any CPU
		{F90383CA-604D-4A7E-B96C-CAA21EF54937}.Debug|Any CPU.ActiveCfg = Debug|Any CPU
		{F90383CA-604D-4A7E-B96C-CAA21EF54937}.Debug|Any CPU.Build.0 = Debug|Any CPU
		{F90383CA-604D-4A7E-B96C-CAA21EF54937}.Release|Any CPU.ActiveCfg = Release|Any CPU
		{F90383CA-604D-4A7E-B96C-CAA21EF54937}.Release|Any CPU.Build.0 = Release|Any CPU
		{41F1FC25-E192-4415-A38E-62F60FC768B7}.Debug|Any CPU.ActiveCfg = Debug|Any CPU
		{41F1FC25-E192-4415-A38E-62F60FC768B7}.Debug|Any CPU.Build.0 = Debug|Any CPU
		{41F1FC25-E192-4415-A38E-62F60FC768B7}.Release|Any CPU.ActiveCfg = Release|Any CPU
		{41F1FC25-E192-4415-A38E-62F60FC768B7}.Release|Any CPU.Build.0 = Release|Any CPU
	EndGlobalSection
EndGlobal
